
Microsoft Visual Studio Solution File, Format Version 12.00
# Visual Studio 15
VisualStudioVersion = 15.0.28307.1000
MinimumVisualStudioVersion = 10.0.40219.1
Project("{FAE04EC0-301F-11D3-BF4B-00C04F79EFBC}") = "ECSNew", "ECSNew.csproj", "{F08D9137-AB77-40F4-92D2-B0658F7E58AD}"
EndProject
Project("{FAE04EC0-301F-11D3-BF4B-00C04F79EFBC}") = "ECSFramework", "ECSFramework\ECSFramework.csproj", "{B7591B1D-4218-47C4-95DE-77C3B5B6EC2F}"
EndProject
Project("{FAE04EC0-301F-11D3-BF4B-00C04F79EFBC}") = "ECSFrameworkTestProj", "ECSFrameworkTestProj\ECSFrameworkTestProj.csproj", "{EC515821-03E9-43B4-8571-ABE0A30DA2EE}"
EndProject
Global
	GlobalSection(SolutionConfigurationPlatforms) = preSolution
		Debug|Any CPU = Debug|Any CPU
		Release|Any CPU = Release|Any CPU
	EndGlobalSection
	GlobalSection(ProjectConfigurationPlatforms) = postSolution
		{F08D9137-AB77-40F4-92D2-B0658F7E58AD}.Debug|Any CPU.ActiveCfg = Debug|Any CPU
		{F08D9137-AB77-40F4-92D2-B0658F7E58AD}.Debug|Any CPU.Build.0 = Debug|Any CPU
		{F08D9137-AB77-40F4-92D2-B0658F7E58AD}.Release|Any CPU.ActiveCfg = Release|Any CPU
		{F08D9137-AB77-40F4-92D2-B0658F7E58AD}.Release|Any CPU.Build.0 = Release|Any CPU
		{B7591B1D-4218-47C4-95DE-77C3B5B6EC2F}.Debug|Any CPU.ActiveCfg = Debug|Any CPU
		{B7591B1D-4218-47C4-95DE-77C3B5B6EC2F}.Debug|Any CPU.Build.0 = Debug|Any CPU
		{B7591B1D-4218-47C4-95DE-77C3B5B6EC2F}.Release|Any CPU.ActiveCfg = Release|Any CPU
		{B7591B1D-4218-47C4-95DE-77C3B5B6EC2F}.Release|Any CPU.Build.0 = Release|Any CPU
		{EC515821-03E9-43B4-8571-ABE0A30DA2EE}.Debug|Any CPU.ActiveCfg = Debug|Any CPU
		{EC515821-03E9-43B4-8571-ABE0A30DA2EE}.Debug|Any CPU.Build.0 = Debug|Any CPU
		{EC515821-03E9-43B4-8571-ABE0A30DA2EE}.Release|Any CPU.ActiveCfg = Release|Any CPU
		{EC515821-03E9-43B4-8571-ABE0A30DA2EE}.Release|Any CPU.Build.0 = Release|Any CPU
	EndGlobalSection
	GlobalSection(SolutionProperties) = preSolution
		HideSolutionNode = FALSE
	EndGlobalSection
	GlobalSection(ExtensibilityGlobals) = postSolution
		SolutionGuid = {D1D8BC7E-4788-4079-BE69-D885FD00B228}
	EndGlobalSection
EndGlobal
